# This file is autogenerated, do not edit; changes may be undone by the next 'dep ensure'.


[[projects]]
  name = "github.com/bwmarrin/discordgo"
  packages = ["."]
  revision = "4a33b9bc7c56cfdb9bb244e33e83cb3941fe2bdc"
  version = "v0.18.0"

[[projects]]
  name = "github.com/gorilla/websocket"
  packages = ["."]
  revision = "ea4d1f681babbce9545c9c5f3d5194a789c89f5b"
  version = "v1.2.0"

[[projects]]
  branch = "master"
  name = "github.com/jrudio/go-radarr-client"
  packages = ["."]
  revision = "f22ecc592a896f4be2d6f8fa22cb4f16e8507090"

[[projects]]
  branch = "master"
  name = "github.com/jrudio/go-sonarr-client"
  packages = ["."]
  revision = "7ba7baa3d4f16299e33ff745f2f20bec4294be86"

[[projects]]
  branch = "master"
  name = "golang.org/x/crypto"
  packages = ["internal/subtle","nacl/secretbox","poly1305","salsa20/salsa"]
  revision = "c126467f60eb25f8f27e5a981f32a87e3965053f"

[solve-meta]
  analyzer-name = "dep"
  analyzer-version = 1
  inputs-digest = "6f66f9cd8b575f71d9a1e4a86686cdf13ecefcb1c58a2f47bdcc9d7ed8f93f2e"
  solver-name = "gps-cdcl"
  solver-version = 1
